
Microsoft Visual Studio Solution File, Format Version 12.00
# Visual Studio 15
VisualStudioVersion = 15.0.28307.1145
MinimumVisualStudioVersion = 10.0.40219.1
Project("{FAE04EC0-301F-11D3-BF4B-00C04F79EFBC}") = "UA Client Controls", "Samples\ClientControls.Net4\UA Client Controls.csproj", "{A247D2EE-14FC-463D-A9BA-6CFF1EF22B7A}"
EndProject
Project("{FAE04EC0-301F-11D3-BF4B-00C04F79EFBC}") = "UA Server Controls", "Samples\ServerControls.Net4\UA Server Controls.csproj", "{80056988-44E7-4EF4-9F59-50BCF215CB03}"
EndProject
Project("{FAE04EC0-301F-11D3-BF4B-00C04F79EFBC}") = "Aggregation Client", "Workshop\Aggregation\Client\Aggregation Client.csproj", "{F866F577-1EE0-447C-B47F-30180313B4C6}"
EndProject
Project("{FAE04EC0-301F-11D3-BF4B-00C04F79EFBC}") = "Aggregation Server", "Workshop\Aggregation\Server\Aggregation Server.csproj", "{41A9D2F0-BFE0-4FFB-94F0-57AAC2C26899}"
EndProject
Project("{9A19103F-16F7-4668-BE54-9A1E7A4F7556}") = "ConsoleAggregationServer", "Workshop\Aggregation\ConsoleAggregationServer\ConsoleAggregationServer.csproj", "{F64EA66B-B3E5-4887-8001-EB5F9359FDF3}"
EndProject
Project("{FAE04EC0-301F-11D3-BF4B-00C04F79EFBC}") = "UA Sample Controls", "Samples\Controls.Net4\UA Sample Controls.csproj", "{92AE819B-4938-4502-AC32-67063F9893CD}"
EndProject
Project("{2150E333-8FDC-42A3-9474-1A3956D46DE8}") = "Samples", "Samples", "{5D20AA90-6969-D8BD-9DCD-8634F4692FDA}"
EndProject
Project("{2150E333-8FDC-42A3-9474-1A3956D46DE8}") = "Hosting", "Hosting", "{E2444DF6-54A4-2119-ACED-12A5C311F163}"
EndProject
Project("{FAE04EC0-301F-11D3-BF4B-00C04F79EFBC}") = "Opc.Ua.Samples.Hosting", "Samples\Hosting\Opc.Ua.Samples.Hosting.csproj", "{7CAA8458-803E-42B6-9912-0EA2CD301923}"
EndProject
Project("{FAE04EC0-301F-11D3-BF4B-00C04F79EFBC}") = "Opc.Ua.Samples.Client", "Samples\Client.Common\Opc.Ua.Samples.Client.csproj", "{7B3C1A2E-5D4F-4E6A-9B8C-1D2E3F4A5B6C}"
EndProject
Global
	GlobalSection(SolutionConfigurationPlatforms) = preSolution
		Debug|Any CPU = Debug|Any CPU
		Debug|x64 = Debug|x64
		Debug|x86 = Debug|x86
		Release|Any CPU = Release|Any CPU
		Release|x64 = Release|x64
		Release|x86 = Release|x86
	EndGlobalSection
	GlobalSection(ProjectConfigurationPlatforms) = postSolution
		{A247D2EE-14FC-463D-A9BA-6CFF1EF22B7A}.Debug|Any CPU.ActiveCfg = Debug|Any CPU
		{A247D2EE-14FC-463D-A9BA-6CFF1EF22B7A}.Debug|Any CPU.Build.0 = Debug|Any CPU
		{A247D2EE-14FC-463D-A9BA-6CFF1EF22B7A}.Debug|x64.ActiveCfg = Debug|Any CPU
		{A247D2EE-14FC-463D-A9BA-6CFF1EF22B7A}.Debug|x64.Build.0 = Debug|Any CPU
		{A247D2EE-14FC-463D-A9BA-6CFF1EF22B7A}.Debug|x86.ActiveCfg = Debug|Any CPU
		{A247D2EE-14FC-463D-A9BA-6CFF1EF22B7A}.Debug|x86.Build.0 = Debug|Any CPU
		{A247D2EE-14FC-463D-A9BA-6CFF1EF22B7A}.Release|Any CPU.ActiveCfg = Release|Any CPU
		{A247D2EE-14FC-463D-A9BA-6CFF1EF22B7A}.Release|Any CPU.Build.0 = Release|Any CPU
		{A247D2EE-14FC-463D-A9BA-6CFF1EF22B7A}.Release|x64.ActiveCfg = Release|Any CPU
		{A247D2EE-14FC-463D-A9BA-6CFF1EF22B7A}.Release|x64.Build.0 = Release|Any CPU
		{A247D2EE-14FC-463D-A9BA-6CFF1EF22B7A}.Release|x86.ActiveCfg = Release|Any CPU
		{A247D2EE-14FC-463D-A9BA-6CFF1EF22B7A}.Release|x86.Build.0 = Release|Any CPU
		{80056988-44E7-4EF4-9F59-50BCF215CB03}.Debug|Any CPU.ActiveCfg = Debug|Any CPU
		{80056988-44E7-4EF4-9F59-50BCF215CB03}.Debug|Any CPU.Build.0 = Debug|Any CPU
		{80056988-44E7-4EF4-9F59-50BCF215CB03}.Debug|x64.ActiveCfg = Debug|Any CPU
		{80056988-44E7-4EF4-9F59-50BCF215CB03}.Debug|x64.Build.0 = Debug|Any CPU
		{80056988-44E7-4EF4-9F59-50BCF215CB03}.Debug|x86.ActiveCfg = Debug|Any CPU
		{80056988-44E7-4EF4-9F59-50BCF215CB03}.Debug|x86.Build.0 = Debug|Any CPU
		{80056988-44E7-4EF4-9F59-50BCF215CB03}.Release|Any CPU.ActiveCfg = Release|Any CPU
		{80056988-44E7-4EF4-9F59-50BCF215CB03}.Release|Any CPU.Build.0 = Release|Any CPU
		{80056988-44E7-4EF4-9F59-50BCF215CB03}.Release|x64.ActiveCfg = Release|Any CPU
		{80056988-44E7-4EF4-9F59-50BCF215CB03}.Release|x64.Build.0 = Release|Any CPU
		{80056988-44E7-4EF4-9F59-50BCF215CB03}.Release|x86.ActiveCfg = Release|Any CPU
		{80056988-44E7-4EF4-9F59-50BCF215CB03}.Release|x86.Build.0 = Release|Any CPU
		{F866F577-1EE0-447C-B47F-30180313B4C6}.Debug|Any CPU.ActiveCfg = Debug|Any CPU
		{F866F577-1EE0-447C-B47F-30180313B4C6}.Debug|Any CPU.Build.0 = Debug|Any CPU
		{F866F577-1EE0-447C-B47F-30180313B4C6}.Debug|x64.ActiveCfg = Debug|Any CPU
		{F866F577-1EE0-447C-B47F-30180313B4C6}.Debug|x64.Build.0 = Debug|Any CPU
		{F866F577-1EE0-447C-B47F-30180313B4C6}.Debug|x86.ActiveCfg = Debug|Any CPU
		{F866F577-1EE0-447C-B47F-30180313B4C6}.Debug|x86.Build.0 = Debug|Any CPU
		{F866F577-1EE0-447C-B47F-30180313B4C6}.Release|Any CPU.ActiveCfg = Release|Any CPU
		{F866F577-1EE0-447C-B47F-30180313B4C6}.Release|Any CPU.Build.0 = Release|Any CPU
		{F866F577-1EE0-447C-B47F-30180313B4C6}.Release|x64.ActiveCfg = Release|Any CPU
		{F866F577-1EE0-447C-B47F-30180313B4C6}.Release|x64.Build.0 = Release|Any CPU
		{F866F577-1EE0-447C-B47F-30180313B4C6}.Release|x86.ActiveCfg = Release|Any CPU
		{F866F577-1EE0-447C-B47F-30180313B4C6}.Release|x86.Build.0 = Release|Any CPU
		{41A9D2F0-BFE0-4FFB-94F0-57AAC2C26899}.Debug|Any CPU.ActiveCfg = Debug|Any CPU
		{41A9D2F0-BFE0-4FFB-94F0-57AAC2C26899}.Debug|Any CPU.Build.0 = Debug|Any CPU
		{41A9D2F0-BFE0-4FFB-94F0-57AAC2C26899}.Debug|x64.ActiveCfg = Debug|Any CPU
		{41A9D2F0-BFE0-4FFB-94F0-57AAC2C26899}.Debug|x64.Build.0 = Debug|Any CPU
		{41A9D2F0-BFE0-4FFB-94F0-57AAC2C26899}.Debug|x86.ActiveCfg = Debug|Any CPU
		{41A9D2F0-BFE0-4FFB-94F0-57AAC2C26899}.Debug|x86.Build.0 = Debug|Any CPU
		{41A9D2F0-BFE0-4FFB-94F0-57AAC2C26899}.Release|Any CPU.ActiveCfg = Release|Any CPU
		{41A9D2F0-BFE0-4FFB-94F0-57AAC2C26899}.Release|Any CPU.Build.0 = Release|Any CPU
		{41A9D2F0-BFE0-4FFB-94F0-57AAC2C26899}.Release|x64.ActiveCfg = Release|Any CPU
		{41A9D2F0-BFE0-4FFB-94F0-57AAC2C26899}.Release|x64.Build.0 = Release|Any CPU
		{41A9D2F0-BFE0-4FFB-94F0-57AAC2C26899}.Release|x86.ActiveCfg = Release|Any CPU
		{41A9D2F0-BFE0-4FFB-94F0-57AAC2C26899}.Release|x86.Build.0 = Release|Any CPU
		{F64EA66B-B3E5-4887-8001-EB5F9359FDF3}.Debug|Any CPU.ActiveCfg = Debug|Any CPU
		{F64EA66B-B3E5-4887-8001-EB5F9359FDF3}.Debug|Any CPU.Build.0 = Debug|Any CPU
		{F64EA66B-B3E5-4887-8001-EB5F9359FDF3}.Debug|x64.ActiveCfg = Debug|Any CPU
		{F64EA66B-B3E5-4887-8001-EB5F9359FDF3}.Debug|x64.Build.0 = Debug|Any CPU
		{F64EA66B-B3E5-4887-8001-EB5F9359FDF3}.Debug|x86.ActiveCfg = Debug|Any CPU
		{F64EA66B-B3E5-4887-8001-EB5F9359FDF3}.Debug|x86.Build.0 = Debug|Any CPU
		{F64EA66B-B3E5-4887-8001-EB5F9359FDF3}.Release|Any CPU.ActiveCfg = Release|Any CPU
		{F64EA66B-B3E5-4887-8001-EB5F9359FDF3}.Release|Any CPU.Build.0 = Release|Any CPU
		{F64EA66B-B3E5-4887-8001-EB5F9359FDF3}.Release|x64.ActiveCfg = Release|Any CPU
		{F64EA66B-B3E5-4887-8001-EB5F9359FDF3}.Release|x64.Build.0 = Release|Any CPU
		{F64EA66B-B3E5-4887-8001-EB5F9359FDF3}.Release|x86.ActiveCfg = Release|Any CPU
		{F64EA66B-B3E5-4887-8001-EB5F9359FDF3}.Release|x86.Build.0 = Release|Any CPU
		{92AE819B-4938-4502-AC32-67063F9893CD}.Debug|Any CPU.ActiveCfg = Debug|Any CPU
		{92AE819B-4938-4502-AC32-67063F9893CD}.Debug|Any CPU.Build.0 = Debug|Any CPU
		{92AE819B-4938-4502-AC32-67063F9893CD}.Debug|x64.ActiveCfg = Debug|Any CPU
		{92AE819B-4938-4502-AC32-67063F9893CD}.Debug|x64.Build.0 = Debug|Any CPU
		{92AE819B-4938-4502-AC32-67063F9893CD}.Debug|x86.ActiveCfg = Debug|Any CPU
		{92AE819B-4938-4502-AC32-67063F9893CD}.Debug|x86.Build.0 = Debug|Any CPU
		{92AE819B-4938-4502-AC32-67063F9893CD}.Release|Any CPU.ActiveCfg = Release|Any CPU
		{92AE819B-4938-4502-AC32-67063F9893CD}.Release|Any CPU.Build.0 = Release|Any CPU
		{92AE819B-4938-4502-AC32-67063F9893CD}.Release|x64.ActiveCfg = Release|Any CPU
		{92AE819B-4938-4502-AC32-67063F9893CD}.Release|x64.Build.0 = Release|Any CPU
		{92AE819B-4938-4502-AC32-67063F9893CD}.Release|x86.ActiveCfg = Release|Any CPU
		{92AE819B-4938-4502-AC32-67063F9893CD}.Release|x86.Build.0 = Release|Any CPU
		{7CAA8458-803E-42B6-9912-0EA2CD301923}.Debug|Any CPU.ActiveCfg = Debug|Any CPU
		{7CAA8458-803E-42B6-9912-0EA2CD301923}.Debug|Any CPU.Build.0 = Debug|Any CPU
		{7CAA8458-803E-42B6-9912-0EA2CD301923}.Debug|x64.ActiveCfg = Debug|Any CPU
		{7CAA8458-803E-42B6-9912-0EA2CD301923}.Debug|x64.Build.0 = Debug|Any CPU
		{7CAA8458-803E-42B6-9912-0EA2CD301923}.Debug|x86.ActiveCfg = Debug|Any CPU
		{7CAA8458-803E-42B6-9912-0EA2CD301923}.Debug|x86.Build.0 = Debug|Any CPU
		{7CAA8458-803E-42B6-9912-0EA2CD301923}.Release|Any CPU.ActiveCfg = Release|Any CPU
		{7CAA8458-803E-42B6-9912-0EA2CD301923}.Release|Any CPU.Build.0 = Release|Any CPU
		{7CAA8458-803E-42B6-9912-0EA2CD301923}.Release|x64.ActiveCfg = Release|Any CPU
		{7CAA8458-803E-42B6-9912-0EA2CD301923}.Release|x64.Build.0 = Release|Any CPU
		{7B3C1A2E-5D4F-4E6A-9B8C-1D2E3F4A5B6C}.Debug|Any CPU.ActiveCfg = Debug|Any CPU
		{7B3C1A2E-5D4F-4E6A-9B8C-1D2E3F4A5B6C}.Debug|Any CPU.Build.0 = Debug|Any CPU
		{7B3C1A2E-5D4F-4E6A-9B8C-1D2E3F4A5B6C}.Debug|x64.ActiveCfg = Debug|Any CPU
		{7B3C1A2E-5D4F-4E6A-9B8C-1D2E3F4A5B6C}.Debug|x64.Build.0 = Debug|Any CPU
		{7B3C1A2E-5D4F-4E6A-9B8C-1D2E3F4A5B6C}.Debug|x86.ActiveCfg = Debug|Any CPU
		{7B3C1A2E-5D4F-4E6A-9B8C-1D2E3F4A5B6C}.Debug|x86.Build.0 = Debug|Any CPU
		{7B3C1A2E-5D4F-4E6A-9B8C-1D2E3F4A5B6C}.Release|Any CPU.ActiveCfg = Release|Any CPU
		{7B3C1A2E-5D4F-4E6A-9B8C-1D2E3F4A5B6C}.Release|Any CPU.Build.0 = Release|Any CPU
		{7B3C1A2E-5D4F-4E6A-9B8C-1D2E3F4A5B6C}.Release|x64.ActiveCfg = Release|Any CPU
		{7B3C1A2E-5D4F-4E6A-9B8C-1D2E3F4A5B6C}.Release|x64.Build.0 = Release|Any CPU
		{7B3C1A2E-5D4F-4E6A-9B8C-1D2E3F4A5B6C}.Release|x86.ActiveCfg = Release|Any CPU
		{7B3C1A2E-5D4F-4E6A-9B8C-1D2E3F4A5B6C}.Release|x86.Build.0 = Release|Any CPU
		{7CAA8458-803E-42B6-9912-0EA2CD301923}.Release|x86.ActiveCfg = Release|Any CPU
		{7CAA8458-803E-42B6-9912-0EA2CD301923}.Release|x86.Build.0 = Release|Any CPU
	EndGlobalSection
	GlobalSection(SolutionProperties) = preSolution
		HideSolutionNode = FALSE
	EndGlobalSection
	GlobalSection(NestedProjects) = preSolution
		{E2444DF6-54A4-2119-ACED-12A5C311F163} = {5D20AA90-6969-D8BD-9DCD-8634F4692FDA}
		{7CAA8458-803E-42B6-9912-0EA2CD301923} = {E2444DF6-54A4-2119-ACED-12A5C311F163}
		{7B3C1A2E-5D4F-4E6A-9B8C-1D2E3F4A5B6C} = {E2444DF6-54A4-2119-ACED-12A5C311F163}
	EndGlobalSection
	GlobalSection(ExtensibilityGlobals) = postSolution
		SolutionGuid = {7F2BCD7F-A64E-48B3-82BC-1C951D63EAD9}
	EndGlobalSection
EndGlobal
