
Microsoft Visual Studio Solution File, Format Version 12.00
# Visual Studio 15
VisualStudioVersion = 15.0.28307.1145
MinimumVisualStudioVersion = 10.0.40219.1
Project("{FAE04EC0-301F-11D3-BF4B-00C04F79EFBC}") = "GlobalDiscoveryServer", "Samples\GDS\Server\GlobalDiscoveryServer.csproj", "{2E23571F-9987-4EBD-A9FD-5D5DD639E071}"
EndProject
Project("{FAE04EC0-301F-11D3-BF4B-00C04F79EFBC}") = "UA Server Controls", "Samples\ServerControls.Net4\UA Server Controls.csproj", "{80056988-44E7-4EF4-9F59-50BCF215CB03}"
EndProject
Project("{9A19103F-16F7-4668-BE54-9A1E7A4F7556}") = "NetCoreGlobalDiscoveryServer", "Samples\GDS\ConsoleServer\NetCoreGlobalDiscoveryServer.csproj", "{BBC48E1D-B3E9-47B6-9B3C-1B4057E0A342}"
EndProject
Project("{FAE04EC0-301F-11D3-BF4B-00C04F79EFBC}") = "GlobalDiscoveryClientControls", "Samples\GDS\ClientControls\GlobalDiscoveryClientControls.csproj", "{228EC503-2E77-45C9-87AC-3BB312E43196}"
EndProject
Project("{FAE04EC0-301F-11D3-BF4B-00C04F79EFBC}") = "UA Client Controls", "Samples\ClientControls.Net4\UA Client Controls.csproj", "{A247D2EE-14FC-463D-A9BA-6CFF1EF22B7A}"
EndProject
Project("{FAE04EC0-301F-11D3-BF4B-00C04F79EFBC}") = "GlobalDiscoveryClient", "Samples\GDS\Client\GlobalDiscoveryClient.csproj", "{2ADA8796-AC1F-4031-9162-D4ED79D828AF}"
EndProject
Project("{2150E333-8FDC-42A3-9474-1A3956D46DE8}") = "Samples", "Samples", "{5D20AA90-6969-D8BD-9DCD-8634F4692FDA}"
EndProject
Project("{2150E333-8FDC-42A3-9474-1A3956D46DE8}") = "LDS", "LDS", "{C5E85EC2-2712-BCBC-EF60-049C1E5722DF}"
EndProject
Project("{2150E333-8FDC-42A3-9474-1A3956D46DE8}") = "ConsoleServer", "ConsoleServer", "{D58C9D04-D733-77EA-3662-BBCA6240C98E}"
EndProject
Project("{FAE04EC0-301F-11D3-BF4B-00C04F79EFBC}") = "ConsoleLds", "Samples\LDS\ConsoleServer\ConsoleLds.csproj", "{311220A8-55D9-4945-ACE3-6B9B9C74C0C3}"
EndProject
Project("{2150E333-8FDC-42A3-9474-1A3956D46DE8}") = "Hosting", "Hosting", "{E2444DF6-54A4-2119-ACED-12A5C311F163}"
EndProject
Project("{FAE04EC0-301F-11D3-BF4B-00C04F79EFBC}") = "Opc.Ua.Samples.Hosting", "Samples\Hosting\Opc.Ua.Samples.Hosting.csproj", "{C5684FC0-0635-418E-8F0A-DC95F163AFED}"
EndProject
Project("{FAE04EC0-301F-11D3-BF4B-00C04F79EFBC}") = "Opc.Ua.Samples.Client", "Samples\Client.Common\Opc.Ua.Samples.Client.csproj", "{7B3C1A2E-5D4F-4E6A-9B8C-1D2E3F4A5B6C}"
EndProject
Project("{FAE04EC0-301F-11D3-BF4B-00C04F79EFBC}") = "Opc.Ua.Samples.WinForms", "Samples\WinForms.Common\Opc.Ua.Samples.WinForms.csproj", "{9F2D6E41-38B7-4C0D-9A5E-71C4B0E28D33}"
EndProject
Global
	GlobalSection(SolutionConfigurationPlatforms) = preSolution
		Debug|Any CPU = Debug|Any CPU
		Debug|x64 = Debug|x64
		Debug|x86 = Debug|x86
		Release|Any CPU = Release|Any CPU
		Release|x64 = Release|x64
		Release|x86 = Release|x86
	EndGlobalSection
	GlobalSection(ProjectConfigurationPlatforms) = postSolution
		{2E23571F-9987-4EBD-A9FD-5D5DD639E071}.Debug|Any CPU.ActiveCfg = Debug|Any CPU
		{2E23571F-9987-4EBD-A9FD-5D5DD639E071}.Debug|Any CPU.Build.0 = Debug|Any CPU
		{2E23571F-9987-4EBD-A9FD-5D5DD639E071}.Debug|x64.ActiveCfg = Debug|Any CPU
		{2E23571F-9987-4EBD-A9FD-5D5DD639E071}.Debug|x64.Build.0 = Debug|Any CPU
		{2E23571F-9987-4EBD-A9FD-5D5DD639E071}.Debug|x86.ActiveCfg = Debug|Any CPU
		{2E23571F-9987-4EBD-A9FD-5D5DD639E071}.Debug|x86.Build.0 = Debug|Any CPU
		{2E23571F-9987-4EBD-A9FD-5D5DD639E071}.Release|Any CPU.ActiveCfg = Release|Any CPU
		{2E23571F-9987-4EBD-A9FD-5D5DD639E071}.Release|Any CPU.Build.0 = Release|Any CPU
		{2E23571F-9987-4EBD-A9FD-5D5DD639E071}.Release|x64.ActiveCfg = Release|Any CPU
		{2E23571F-9987-4EBD-A9FD-5D5DD639E071}.Release|x64.Build.0 = Release|Any CPU
		{2E23571F-9987-4EBD-A9FD-5D5DD639E071}.Release|x86.ActiveCfg = Release|Any CPU
		{2E23571F-9987-4EBD-A9FD-5D5DD639E071}.Release|x86.Build.0 = Release|Any CPU
		{80056988-44E7-4EF4-9F59-50BCF215CB03}.Debug|Any CPU.ActiveCfg = Debug|Any CPU
		{80056988-44E7-4EF4-9F59-50BCF215CB03}.Debug|Any CPU.Build.0 = Debug|Any CPU
		{80056988-44E7-4EF4-9F59-50BCF215CB03}.Debug|x64.ActiveCfg = Debug|Any CPU
		{80056988-44E7-4EF4-9F59-50BCF215CB03}.Debug|x64.Build.0 = Debug|Any CPU
		{80056988-44E7-4EF4-9F59-50BCF215CB03}.Debug|x86.ActiveCfg = Debug|Any CPU
		{80056988-44E7-4EF4-9F59-50BCF215CB03}.Debug|x86.Build.0 = Debug|Any CPU
		{80056988-44E7-4EF4-9F59-50BCF215CB03}.Release|Any CPU.ActiveCfg = Release|Any CPU
		{80056988-44E7-4EF4-9F59-50BCF215CB03}.Release|Any CPU.Build.0 = Release|Any CPU
		{80056988-44E7-4EF4-9F59-50BCF215CB03}.Release|x64.ActiveCfg = Release|Any CPU
		{80056988-44E7-4EF4-9F59-50BCF215CB03}.Release|x64.Build.0 = Release|Any CPU
		{80056988-44E7-4EF4-9F59-50BCF215CB03}.Release|x86.ActiveCfg = Release|Any CPU
		{80056988-44E7-4EF4-9F59-50BCF215CB03}.Release|x86.Build.0 = Release|Any CPU
		{BBC48E1D-B3E9-47B6-9B3C-1B4057E0A342}.Debug|Any CPU.ActiveCfg = Debug|Any CPU
		{BBC48E1D-B3E9-47B6-9B3C-1B4057E0A342}.Debug|Any CPU.Build.0 = Debug|Any CPU
		{BBC48E1D-B3E9-47B6-9B3C-1B4057E0A342}.Debug|x64.ActiveCfg = Debug|Any CPU
		{BBC48E1D-B3E9-47B6-9B3C-1B4057E0A342}.Debug|x64.Build.0 = Debug|Any CPU
		{BBC48E1D-B3E9-47B6-9B3C-1B4057E0A342}.Debug|x86.ActiveCfg = Debug|Any CPU
		{BBC48E1D-B3E9-47B6-9B3C-1B4057E0A342}.Debug|x86.Build.0 = Debug|Any CPU
		{BBC48E1D-B3E9-47B6-9B3C-1B4057E0A342}.Release|Any CPU.ActiveCfg = Release|Any CPU
		{BBC48E1D-B3E9-47B6-9B3C-1B4057E0A342}.Release|Any CPU.Build.0 = Release|Any CPU
		{BBC48E1D-B3E9-47B6-9B3C-1B4057E0A342}.Release|x64.ActiveCfg = Release|Any CPU
		{BBC48E1D-B3E9-47B6-9B3C-1B4057E0A342}.Release|x64.Build.0 = Release|Any CPU
		{BBC48E1D-B3E9-47B6-9B3C-1B4057E0A342}.Release|x86.ActiveCfg = Release|Any CPU
		{BBC48E1D-B3E9-47B6-9B3C-1B4057E0A342}.Release|x86.Build.0 = Release|Any CPU
		{228EC503-2E77-45C9-87AC-3BB312E43196}.Debug|Any CPU.ActiveCfg = Debug|Any CPU
		{228EC503-2E77-45C9-87AC-3BB312E43196}.Debug|Any CPU.Build.0 = Debug|Any CPU
		{228EC503-2E77-45C9-87AC-3BB312E43196}.Debug|x64.ActiveCfg = Debug|Any CPU
		{228EC503-2E77-45C9-87AC-3BB312E43196}.Debug|x64.Build.0 = Debug|Any CPU
		{228EC503-2E77-45C9-87AC-3BB312E43196}.Debug|x86.ActiveCfg = Debug|Any CPU
		{228EC503-2E77-45C9-87AC-3BB312E43196}.Debug|x86.Build.0 = Debug|Any CPU
		{228EC503-2E77-45C9-87AC-3BB312E43196}.Release|Any CPU.ActiveCfg = Release|Any CPU
		{228EC503-2E77-45C9-87AC-3BB312E43196}.Release|Any CPU.Build.0 = Release|Any CPU
		{228EC503-2E77-45C9-87AC-3BB312E43196}.Release|x64.ActiveCfg = Release|Any CPU
		{228EC503-2E77-45C9-87AC-3BB312E43196}.Release|x64.Build.0 = Release|Any CPU
		{228EC503-2E77-45C9-87AC-3BB312E43196}.Release|x86.ActiveCfg = Release|Any CPU
		{228EC503-2E77-45C9-87AC-3BB312E43196}.Release|x86.Build.0 = Release|Any CPU
		{A247D2EE-14FC-463D-A9BA-6CFF1EF22B7A}.Debug|Any CPU.ActiveCfg = Debug|Any CPU
		{A247D2EE-14FC-463D-A9BA-6CFF1EF22B7A}.Debug|Any CPU.Build.0 = Debug|Any CPU
		{A247D2EE-14FC-463D-A9BA-6CFF1EF22B7A}.Debug|x64.ActiveCfg = Debug|Any CPU
		{A247D2EE-14FC-463D-A9BA-6CFF1EF22B7A}.Debug|x64.Build.0 = Debug|Any CPU
		{A247D2EE-14FC-463D-A9BA-6CFF1EF22B7A}.Debug|x86.ActiveCfg = Debug|Any CPU
		{A247D2EE-14FC-463D-A9BA-6CFF1EF22B7A}.Debug|x86.Build.0 = Debug|Any CPU
		{A247D2EE-14FC-463D-A9BA-6CFF1EF22B7A}.Release|Any CPU.ActiveCfg = Release|Any CPU
		{A247D2EE-14FC-463D-A9BA-6CFF1EF22B7A}.Release|Any CPU.Build.0 = Release|Any CPU
		{A247D2EE-14FC-463D-A9BA-6CFF1EF22B7A}.Release|x64.ActiveCfg = Release|Any CPU
		{A247D2EE-14FC-463D-A9BA-6CFF1EF22B7A}.Release|x64.Build.0 = Release|Any CPU
		{A247D2EE-14FC-463D-A9BA-6CFF1EF22B7A}.Release|x86.ActiveCfg = Release|Any CPU
		{A247D2EE-14FC-463D-A9BA-6CFF1EF22B7A}.Release|x86.Build.0 = Release|Any CPU
		{2ADA8796-AC1F-4031-9162-D4ED79D828AF}.Debug|Any CPU.ActiveCfg = Debug|Any CPU
		{2ADA8796-AC1F-4031-9162-D4ED79D828AF}.Debug|Any CPU.Build.0 = Debug|Any CPU
		{2ADA8796-AC1F-4031-9162-D4ED79D828AF}.Debug|x64.ActiveCfg = Debug|Any CPU
		{2ADA8796-AC1F-4031-9162-D4ED79D828AF}.Debug|x64.Build.0 = Debug|Any CPU
		{2ADA8796-AC1F-4031-9162-D4ED79D828AF}.Debug|x86.ActiveCfg = Debug|Any CPU
		{2ADA8796-AC1F-4031-9162-D4ED79D828AF}.Debug|x86.Build.0 = Debug|Any CPU
		{2ADA8796-AC1F-4031-9162-D4ED79D828AF}.Release|Any CPU.ActiveCfg = Release|Any CPU
		{2ADA8796-AC1F-4031-9162-D4ED79D828AF}.Release|Any CPU.Build.0 = Release|Any CPU
		{2ADA8796-AC1F-4031-9162-D4ED79D828AF}.Release|x64.ActiveCfg = Release|Any CPU
		{2ADA8796-AC1F-4031-9162-D4ED79D828AF}.Release|x64.Build.0 = Release|Any CPU
		{2ADA8796-AC1F-4031-9162-D4ED79D828AF}.Release|x86.ActiveCfg = Release|Any CPU
		{2ADA8796-AC1F-4031-9162-D4ED79D828AF}.Release|x86.Build.0 = Release|Any CPU
		{311220A8-55D9-4945-ACE3-6B9B9C74C0C3}.Debug|Any CPU.ActiveCfg = Debug|Any CPU
		{311220A8-55D9-4945-ACE3-6B9B9C74C0C3}.Debug|Any CPU.Build.0 = Debug|Any CPU
		{311220A8-55D9-4945-ACE3-6B9B9C74C0C3}.Debug|x64.ActiveCfg = Debug|Any CPU
		{311220A8-55D9-4945-ACE3-6B9B9C74C0C3}.Debug|x64.Build.0 = Debug|Any CPU
		{311220A8-55D9-4945-ACE3-6B9B9C74C0C3}.Debug|x86.ActiveCfg = Debug|Any CPU
		{311220A8-55D9-4945-ACE3-6B9B9C74C0C3}.Debug|x86.Build.0 = Debug|Any CPU
		{311220A8-55D9-4945-ACE3-6B9B9C74C0C3}.Release|Any CPU.ActiveCfg = Release|Any CPU
		{311220A8-55D9-4945-ACE3-6B9B9C74C0C3}.Release|Any CPU.Build.0 = Release|Any CPU
		{311220A8-55D9-4945-ACE3-6B9B9C74C0C3}.Release|x64.ActiveCfg = Release|Any CPU
		{311220A8-55D9-4945-ACE3-6B9B9C74C0C3}.Release|x64.Build.0 = Release|Any CPU
		{311220A8-55D9-4945-ACE3-6B9B9C74C0C3}.Release|x86.ActiveCfg = Release|Any CPU
		{311220A8-55D9-4945-ACE3-6B9B9C74C0C3}.Release|x86.Build.0 = Release|Any CPU
		{C5684FC0-0635-418E-8F0A-DC95F163AFED}.Debug|Any CPU.ActiveCfg = Debug|Any CPU
		{C5684FC0-0635-418E-8F0A-DC95F163AFED}.Debug|Any CPU.Build.0 = Debug|Any CPU
		{C5684FC0-0635-418E-8F0A-DC95F163AFED}.Debug|x64.ActiveCfg = Debug|Any CPU
		{C5684FC0-0635-418E-8F0A-DC95F163AFED}.Debug|x64.Build.0 = Debug|Any CPU
		{C5684FC0-0635-418E-8F0A-DC95F163AFED}.Debug|x86.ActiveCfg = Debug|Any CPU
		{C5684FC0-0635-418E-8F0A-DC95F163AFED}.Debug|x86.Build.0 = Debug|Any CPU
		{C5684FC0-0635-418E-8F0A-DC95F163AFED}.Release|Any CPU.ActiveCfg = Release|Any CPU
		{C5684FC0-0635-418E-8F0A-DC95F163AFED}.Release|Any CPU.Build.0 = Release|Any CPU
		{C5684FC0-0635-418E-8F0A-DC95F163AFED}.Release|x64.ActiveCfg = Release|Any CPU
		{C5684FC0-0635-418E-8F0A-DC95F163AFED}.Release|x64.Build.0 = Release|Any CPU
		{7B3C1A2E-5D4F-4E6A-9B8C-1D2E3F4A5B6C}.Debug|Any CPU.ActiveCfg = Debug|Any CPU
		{7B3C1A2E-5D4F-4E6A-9B8C-1D2E3F4A5B6C}.Debug|Any CPU.Build.0 = Debug|Any CPU
		{7B3C1A2E-5D4F-4E6A-9B8C-1D2E3F4A5B6C}.Debug|x64.ActiveCfg = Debug|Any CPU
		{7B3C1A2E-5D4F-4E6A-9B8C-1D2E3F4A5B6C}.Debug|x64.Build.0 = Debug|Any CPU
		{7B3C1A2E-5D4F-4E6A-9B8C-1D2E3F4A5B6C}.Debug|x86.ActiveCfg = Debug|Any CPU
		{7B3C1A2E-5D4F-4E6A-9B8C-1D2E3F4A5B6C}.Debug|x86.Build.0 = Debug|Any CPU
		{7B3C1A2E-5D4F-4E6A-9B8C-1D2E3F4A5B6C}.Release|Any CPU.ActiveCfg = Release|Any CPU
		{7B3C1A2E-5D4F-4E6A-9B8C-1D2E3F4A5B6C}.Release|Any CPU.Build.0 = Release|Any CPU
		{7B3C1A2E-5D4F-4E6A-9B8C-1D2E3F4A5B6C}.Release|x64.ActiveCfg = Release|Any CPU
		{7B3C1A2E-5D4F-4E6A-9B8C-1D2E3F4A5B6C}.Release|x64.Build.0 = Release|Any CPU
		{7B3C1A2E-5D4F-4E6A-9B8C-1D2E3F4A5B6C}.Release|x86.ActiveCfg = Release|Any CPU
		{7B3C1A2E-5D4F-4E6A-9B8C-1D2E3F4A5B6C}.Release|x86.Build.0 = Release|Any CPU
		{9F2D6E41-38B7-4C0D-9A5E-71C4B0E28D33}.Debug|Any CPU.ActiveCfg = Debug|Any CPU
		{9F2D6E41-38B7-4C0D-9A5E-71C4B0E28D33}.Debug|Any CPU.Build.0 = Debug|Any CPU
		{9F2D6E41-38B7-4C0D-9A5E-71C4B0E28D33}.Debug|x64.ActiveCfg = Debug|Any CPU
		{9F2D6E41-38B7-4C0D-9A5E-71C4B0E28D33}.Debug|x64.Build.0 = Debug|Any CPU
		{9F2D6E41-38B7-4C0D-9A5E-71C4B0E28D33}.Debug|x86.ActiveCfg = Debug|Any CPU
		{9F2D6E41-38B7-4C0D-9A5E-71C4B0E28D33}.Debug|x86.Build.0 = Debug|Any CPU
		{9F2D6E41-38B7-4C0D-9A5E-71C4B0E28D33}.Release|Any CPU.ActiveCfg = Release|Any CPU
		{9F2D6E41-38B7-4C0D-9A5E-71C4B0E28D33}.Release|Any CPU.Build.0 = Release|Any CPU
		{9F2D6E41-38B7-4C0D-9A5E-71C4B0E28D33}.Release|x64.ActiveCfg = Release|Any CPU
		{9F2D6E41-38B7-4C0D-9A5E-71C4B0E28D33}.Release|x64.Build.0 = Release|Any CPU
		{9F2D6E41-38B7-4C0D-9A5E-71C4B0E28D33}.Release|x86.ActiveCfg = Release|Any CPU
		{9F2D6E41-38B7-4C0D-9A5E-71C4B0E28D33}.Release|x86.Build.0 = Release|Any CPU
		{C5684FC0-0635-418E-8F0A-DC95F163AFED}.Release|x86.ActiveCfg = Release|Any CPU
		{C5684FC0-0635-418E-8F0A-DC95F163AFED}.Release|x86.Build.0 = Release|Any CPU
	EndGlobalSection
	GlobalSection(SolutionProperties) = preSolution
		HideSolutionNode = FALSE
	EndGlobalSection
	GlobalSection(NestedProjects) = preSolution
		{C5E85EC2-2712-BCBC-EF60-049C1E5722DF} = {5D20AA90-6969-D8BD-9DCD-8634F4692FDA}
		{D58C9D04-D733-77EA-3662-BBCA6240C98E} = {C5E85EC2-2712-BCBC-EF60-049C1E5722DF}
		{311220A8-55D9-4945-ACE3-6B9B9C74C0C3} = {D58C9D04-D733-77EA-3662-BBCA6240C98E}
		{E2444DF6-54A4-2119-ACED-12A5C311F163} = {5D20AA90-6969-D8BD-9DCD-8634F4692FDA}
		{C5684FC0-0635-418E-8F0A-DC95F163AFED} = {E2444DF6-54A4-2119-ACED-12A5C311F163}
		{7B3C1A2E-5D4F-4E6A-9B8C-1D2E3F4A5B6C} = {E2444DF6-54A4-2119-ACED-12A5C311F163}
		{9F2D6E41-38B7-4C0D-9A5E-71C4B0E28D33} = {E2444DF6-54A4-2119-ACED-12A5C311F163}
	EndGlobalSection
	GlobalSection(ExtensibilityGlobals) = postSolution
		SolutionGuid = {2444B86C-0623-4CBB-93A0-41A2FA6C516B}
	EndGlobalSection
EndGlobal
